{
  "version": 4,
  "terraform_version": "1.13.0",
  "serial": 191,
  "lineage": "92e78b6b-571f-34ef-e732-e3613ac808ef",
  "outputs": {
    "alb_dns": {
      "value": "korona-eg-ecs-ec2-alb-156210042.eu-central-1.elb.amazonaws.com",
      "type": "string"
    },
    "ecs_cluster": {
      "value": "korona-eg-ecs-ec2-ecs",
      "type": "string"
    }
  },
  "resources": [
    {
      "mode": "data",
      "type": "aws_iam_policy_document",
      "name": "ec2_assume",
      "provider": "provider[\"registry.terraform.io/hashicorp/aws\"]",
      "instances": [
        {
          "schema_version": 0,
          "attributes": {
            "id": "2851119427",
            "json": "{\n  \"Version\": \"2012-10-17\",\n  \"Statement\": [\n    {\n      \"Effect\": \"Allow\",\n      \"Action\": \"sts:AssumeRole\",\n      \"Principal\": {\n        \"Service\": \"ec2.amazonaws.com\"\n      }\n    }\n  ]\n}",
            "minified_json": "{\"Version\":\"2012-10-17\",\"Statement\":[{\"Effect\":\"Allow\",\"Action\":\"sts:AssumeRole\",\"Principal\":{\"Service\":\"ec2.amazonaws.com\"}}]}",
            "override_json": null,
            "override_policy_documents": null,
            "policy_id": null,
            "source_json": null,
            "source_policy_documents": null,
            "statement": [
              {
                "actions": [
                  "sts:AssumeRole"
                ],
                "condition": [],
                "effect": "Allow",
                "not_actions": [],
                "not_principals": [],
                "not_resources": [],
                "principals": [
                  {
                    "identifiers": [
                      "ec2.amazonaws.com"
                    ],
                    "type": "Service"
                  }
                ],
                "resources": [],
                "sid": ""
              }
            ],
            "version": "2012-10-17"
          },
          "sensitive_attributes": [],
          "identity_schema_version": 0
        }
      ]
    },
    {
      "mode": "data",
      "type": "aws_iam_policy_document",
      "name": "ec2s_task_assume",
      "provider": "provider[\"registry.terraform.io/hashicorp/aws\"]",
      "instances": [
        {
          "schema_version": 0,
          "attributes": {
            "id": "1077804475",
            "json": "{\n  \"Version\": \"2012-10-17\",\n  \"Statement\": [\n    {\n      \"Effect\": \"Allow\",\n      \"Action\": \"sts:AssumeRole\",\n      \"Principal\": {\n        \"Service\": \"ecs-tasks.amazonaws.com\"\n      }\n    }\n  ]\n}",
            "minified_json": "{\"Version\":\"2012-10-17\",\"Statement\":[{\"Effect\":\"Allow\",\"Action\":\"sts:AssumeRole\",\"Principal\":{\"Service\":\"ecs-tasks.amazonaws.com\"}}]}",
            "override_json": null,
            "override_policy_documents": null,
            "policy_id": null,
            "source_json": null,
            "source_policy_documents": null,
            "statement": [
              {
                "actions": [
                  "sts:AssumeRole"
                ],
                "condition": [],
                "effect": "Allow",
                "not_actions": [],
                "not_principals": [],
                "not_resources": [],
                "principals": [
                  {
                    "identifiers": [
                      "ecs-tasks.amazonaws.com"
                    ],
                    "type": "Service"
                  }
                ],
                "resources": [],
                "sid": ""
              }
            ],
            "version": "2012-10-17"
          },
          "sensitive_attributes": [],
          "identity_schema_version": 0
        }
      ]
    },
    {
      "mode": "data",
      "type": "aws_ssm_parameter",
      "name": "ecs_al2",
      "provider": "provider[\"registry.terraform.io/hashicorp/aws\"]",
      "instances": [
        {
          "schema_version": 0,
          "attributes": {
            "arn": "arn:aws:ssm:eu-central-1::parameter/aws/service/ecs/optimized-ami/amazon-linux-2/recommended",
            "id": "/aws/service/ecs/optimized-ami/amazon-linux-2/recommended",
            "insecure_value": "{\"ecs_agent_version\":\"1.98.0\",\"ecs_runtime_version\":\"Docker version 25.0.8\",\"image_id\":\"ami-0715643382bd98f3a\",\"image_name\":\"amzn2-ami-ecs-hvm-2.0.20250821-x86_64-ebs\",\"image_version\":\"2.0.20250821\",\"os\":\"Amazon Linux 2\",\"schema_version\":1,\"source_image_name\":\"amzn2-ami-minimal-hvm-2.0.20250818.2-x86_64-ebs\"}",
            "name": "/aws/service/ecs/optimized-ami/amazon-linux-2/recommended",
            "region": "eu-central-1",
            "type": "String",
            "value": "{\"ecs_agent_version\":\"1.98.0\",\"ecs_runtime_version\":\"Docker version 25.0.8\",\"image_id\":\"ami-0715643382bd98f3a\",\"image_name\":\"amzn2-ami-ecs-hvm-2.0.20250821-x86_64-ebs\",\"image_version\":\"2.0.20250821\",\"os\":\"Amazon Linux 2\",\"schema_version\":1,\"source_image_name\":\"amzn2-ami-minimal-hvm-2.0.20250818.2-x86_64-ebs\"}",
            "version": 210,
            "with_decryption": true
          },
          "sensitive_attributes": [
            [
              {
                "type": "get_attr",
                "value": "value"
              }
            ]
          ],
          "identity_schema_version": 0
        }
      ]
    },
    {
      "mode": "managed",
      "type": "aws_autoscaling_group",
      "name": "ecs",
      "provider": "provider[\"registry.terraform.io/hashicorp/aws\"]",
      "instances": [
        {
          "schema_version": 1,
          "attributes": {
            "arn": "arn:aws:autoscaling:eu-central-1:982534385511:autoScalingGroup:f4366b60-5136-4d4a-a484-89416754a6ae:autoScalingGroupName/korona-eg-ecs-ec2-ecs-asg",
            "availability_zone_distribution": [
              {
                "capacity_distribution_strategy": "balanced-best-effort"
              }
            ],
            "availability_zones": [
              "eu-central-1a",
              "eu-central-1b"
            ],
            "capacity_rebalance": false,
            "capacity_reservation_specification": [
              {
                "capacity_reservation_preference": "default",
                "capacity_reservation_target": []
              }
            ],
            "context": "",
            "default_cooldown": 300,
            "default_instance_warmup": 0,
            "desired_capacity": 2,
            "desired_capacity_type": "",
            "enabled_metrics": null,
            "force_delete": false,
            "force_delete_warm_pool": false,
            "health_check_grace_period": 300,
            "health_check_type": "EC2",
            "id": "korona-eg-ecs-ec2-ecs-asg",
            "ignore_failed_scaling_activities": false,
            "initial_lifecycle_hook": [],
            "instance_maintenance_policy": [],
            "instance_refresh": [],
            "launch_configuration": "",
            "launch_template": [
              {
                "id": "lt-0fa590789ed7b6ecc",
                "name": "korona-eg-ecs-ec2-lt-ecs20250829135039804700000003",
                "version": "1"
              }
            ],
            "load_balancers": [],
            "max_instance_lifetime": 0,
            "max_size": 3,
            "metrics_granularity": "1Minute",
            "min_elb_capacity": null,
            "min_size": 1,
            "mixed_instances_policy": [],
            "name": "korona-eg-ecs-ec2-ecs-asg",
            "name_prefix": "",
            "placement_group": "",
            "predicted_capacity": 0,
            "protect_from_scale_in": true,
            "region": "eu-central-1",
            "service_linked_role_arn": "arn:aws:iam::982534385511:role/aws-service-role/autoscaling.amazonaws.com/AWSServiceRoleForAutoScaling",
            "suspended_processes": null,
            "tag": [
              {
                "key": "Name",
                "propagate_at_launch": true,
                "value": "korona-eg-ecs-ec2-ecs-instance"
              }
            ],
            "target_group_arns": [],
            "termination_policies": null,
            "timeouts": null,
            "traffic_source": [],
            "vpc_zone_identifier": [
              "subnet-019732759c3db9661",
              "subnet-029e2b871f00f0c31"
            ],
            "wait_for_capacity_timeout": "10m",
            "wait_for_elb_capacity": null,
            "warm_pool": [],
            "warm_pool_size": 0
          },
          "sensitive_attributes": [],
          "identity_schema_version": 0,
          "private": "eyJlMmJmYjczMC1lY2FhLTExZTYtOGY4OC0zNDM2M2JjN2M0YzAiOnsiZGVsZXRlIjo2MDAwMDAwMDAwMDAsInVwZGF0ZSI6NjAwMDAwMDAwMDAwfSwic2NoZW1hX3ZlcnNpb24iOiIxIn0=",
          "dependencies": [
            "aws_ecs_cluster.this",
            "aws_iam_instance_profile.ecs",
            "aws_iam_role.ecs_instance",
            "aws_launch_template.ecs",
            "aws_security_group.ecs_instances",
            "aws_subnet.private",
            "aws_vpc.main",
            "data.aws_iam_policy_document.ec2_assume",
            "data.aws_ssm_parameter.ecs_al2"
          ]
        }
      ]
    },
    {
      "mode": "managed",
      "type": "aws_cloudwatch_log_group",
      "name": "ecs",
      "provider": "provider[\"registry.terraform.io/hashicorp/aws\"]",
      "instances": [
        {
          "schema_version": 0,
          "attributes": {
            "arn": "arn:aws:logs:eu-central-1:982534385511:log-group:ecs/korona-eg-ecs-ec2",
            "id": "ecs/korona-eg-ecs-ec2",
            "kms_key_id": "",
            "log_group_class": "STANDARD",
            "name": "ecs/korona-eg-ecs-ec2",
            "name_prefix": "",
            "region": "eu-central-1",
            "retention_in_days": 7,
            "skip_destroy": false,
            "tags": null,
            "tags_all": {}
          },
          "sensitive_attributes": [],
          "identity_schema_version": 0,
          "identity": {
            "account_id": "982534385511",
            "name": "ecs/korona-eg-ecs-ec2",
            "region": "eu-central-1"
          },
          "private": "bnVsbA=="
        }
      ]
    },
    {
      "mode": "managed",
      "type": "aws_ecs_capacity_provider",
      "name": "asg",
      "provider": "provider[\"registry.terraform.io/hashicorp/aws\"]",
      "instances": [
        {
          "schema_version": 0,
          "attributes": {
            "arn": "arn:aws:ecs:eu-central-1:982534385511:capacity-provider/korona-eg-ecs-ec2-cp",
            "auto_scaling_group_provider": [
              {
                "auto_scaling_group_arn": "arn:aws:autoscaling:eu-central-1:982534385511:autoScalingGroup:f4366b60-5136-4d4a-a484-89416754a6ae:autoScalingGroupName/korona-eg-ecs-ec2-ecs-asg",
                "managed_draining": "ENABLED",
                "managed_scaling": [
                  {
                    "instance_warmup_period": 0,
                    "maximum_scaling_step_size": 2,
                    "minimum_scaling_step_size": 1,
                    "status": "ENABLED",
                    "target_capacity": 80
                  }
                ],
                "managed_termination_protection": "ENABLED"
              }
            ],
            "id": "arn:aws:ecs:eu-central-1:982534385511:capacity-provider/korona-eg-ecs-ec2-cp",
            "name": "korona-eg-ecs-ec2-cp",
            "region": "eu-central-1",
            "tags": null,
            "tags_all": {}
          },
          "sensitive_attributes": [],
          "identity_schema_version": 0,
          "identity": {
            "arn": "arn:aws:ecs:eu-central-1:982534385511:capacity-provider/korona-eg-ecs-ec2-cp"
          },
          "private": "bnVsbA==",
          "dependencies": [
            "aws_autoscaling_group.ecs",
            "aws_ecs_cluster.this",
            "aws_iam_instance_profile.ecs",
            "aws_iam_role.ecs_instance",
            "aws_launch_template.ecs",
            "aws_security_group.ecs_instances",
            "aws_subnet.private",
            "aws_vpc.main",
            "data.aws_iam_policy_document.ec2_assume",
            "data.aws_ssm_parameter.ecs_al2"
          ]
        }
      ]
    },
    {
      "mode": "managed",
      "type": "aws_ecs_cluster",
      "name": "this",
      "provider": "provider[\"registry.terraform.io/hashicorp/aws\"]",
      "instances": [
        {
          "schema_version": 0,
          "attributes": {
            "arn": "arn:aws:ecs:eu-central-1:982534385511:cluster/korona-eg-ecs-ec2-ecs",
            "configuration": [],
            "id": "arn:aws:ecs:eu-central-1:982534385511:cluster/korona-eg-ecs-ec2-ecs",
            "name": "korona-eg-ecs-ec2-ecs",
            "region": "eu-central-1",
            "service_connect_defaults": [],
            "setting": [
              {
                "name": "containerInsights",
                "value": "enabled"
              }
            ],
            "tags": null,
            "tags_all": {}
          },
          "sensitive_attributes": [],
          "identity_schema_version": 0,
          "private": "bnVsbA=="
        }
      ]
    },
    {
      "mode": "managed",
      "type": "aws_ecs_cluster_capacity_providers",
      "name": "attach",
      "provider": "provider[\"registry.terraform.io/hashicorp/aws\"]",
      "instances": [
        {
          "schema_version": 0,
          "attributes": {
            "capacity_providers": [
              "korona-eg-ecs-ec2-cp"
            ],
            "cluster_name": "korona-eg-ecs-ec2-ecs",
            "default_capacity_provider_strategy": [
              {
                "base": 0,
                "capacity_provider": "korona-eg-ecs-ec2-cp",
                "weight": 1
              }
            ],
            "id": "korona-eg-ecs-ec2-ecs",
            "region": "eu-central-1"
          },
          "sensitive_attributes": [],
          "identity_schema_version": 0,
          "private": "bnVsbA==",
          "dependencies": [
            "aws_autoscaling_group.ecs",
            "aws_ecs_capacity_provider.asg",
            "aws_ecs_cluster.this",
            "aws_iam_instance_profile.ecs",
            "aws_iam_role.ecs_instance",
            "aws_launch_template.ecs",
            "aws_security_group.ecs_instances",
            "aws_subnet.private",
            "aws_vpc.main",
            "data.aws_iam_policy_document.ec2_assume",
            "data.aws_ssm_parameter.ecs_al2"
          ]
        }
      ]
    },
    {
      "mode": "managed",
      "type": "aws_ecs_service",
      "name": "web",
      "provider": "provider[\"registry.terraform.io/hashicorp/aws\"]",
      "instances": [
        {
          "schema_version": 1,
          "attributes": {
            "alarms": [],
            "arn": "arn:aws:ecs:eu-central-1:982534385511:service/korona-eg-ecs-ec2-ecs/korona-eg-ecs-ec2-web",
            "availability_zone_rebalancing": "DISABLED",
            "capacity_provider_strategy": [
              {
                "base": null,
                "capacity_provider": "korona-eg-ecs-ec2-cp",
                "weight": 1
              }
            ],
            "cluster": "arn:aws:ecs:eu-central-1:982534385511:cluster/korona-eg-ecs-ec2-ecs",
            "deployment_circuit_breaker": [
              {
                "enable": false,
                "rollback": false
              }
            ],
            "deployment_configuration": [
              {
                "bake_time_in_minutes": "0",
                "lifecycle_hook": [],
                "strategy": "ROLLING"
              }
            ],
            "deployment_controller": [
              {
                "type": "ECS"
              }
            ],
            "deployment_maximum_percent": 200,
            "deployment_minimum_healthy_percent": 100,
            "desired_count": 2,
            "enable_ecs_managed_tags": false,
            "enable_execute_command": true,
            "force_delete": null,
            "force_new_deployment": null,
            "health_check_grace_period_seconds": 0,
            "iam_role": "/aws-service-role/ecs.amazonaws.com/AWSServiceRoleForECS",
            "id": "arn:aws:ecs:eu-central-1:982534385511:service/korona-eg-ecs-ec2-ecs/korona-eg-ecs-ec2-web",
            "launch_type": "",
            "load_balancer": [
              {
                "advanced_configuration": [],
                "container_name": "web",
                "container_port": 80,
                "elb_name": "",
                "target_group_arn": "arn:aws:elasticloadbalancing:eu-central-1:982534385511:targetgroup/korona-eg-ecs-ec2-tg/26cef95d8145d67e"
              }
            ],
            "name": "korona-eg-ecs-ec2-web",
            "network_configuration": [
              {
                "assign_public_ip": false,
                "security_groups": [
                  "sg-0c5df6c873a0c0de1"
                ],
                "subnets": [
                  "subnet-019732759c3db9661",
                  "subnet-029e2b871f00f0c31"
                ]
              }
            ],
            "ordered_placement_strategy": [],
            "placement_constraints": [],
            "platform_version": "",
            "propagate_tags": "NONE",
            "region": "eu-central-1",
            "scheduling_strategy": "REPLICA",
            "service_connect_configuration": [],
            "service_registries": [],
            "sigint_rollback": null,
            "tags": null,
            "tags_all": {},
            "task_definition": "arn:aws:ecs:eu-central-1:982534385511:task-definition/korona-eg-ecs-ec2-web:3",
            "timeouts": null,
            "triggers": {},
            "volume_configuration": [],
            "vpc_lattice_configurations": [],
            "wait_for_steady_state": false
          },
          "sensitive_attributes": [],
          "identity_schema_version": 0,
          "private": "eyJlMmJmYjczMC1lY2FhLTExZTYtOGY4OC0zNDM2M2JjN2M0YzAiOnsiY3JlYXRlIjoxMjAwMDAwMDAwMDAwLCJkZWxldGUiOjEyMDAwMDAwMDAwMDAsInVwZGF0ZSI6MTIwMDAwMDAwMDAwMH0sInNjaGVtYV92ZXJzaW9uIjoiMSJ9",
          "dependencies": [
            "aws_autoscaling_group.ecs",
            "aws_cloudwatch_log_group.ecs",
            "aws_ecs_capacity_provider.asg",
            "aws_ecs_cluster.this",
            "aws_ecs_cluster_capacity_providers.attach",
            "aws_ecs_task_definition.web",
            "aws_iam_instance_profile.ecs",
            "aws_iam_role.ecs_exec",
            "aws_iam_role.ecs_instance",
            "aws_iam_role.ecs_task",
            "aws_launch_template.ecs",
            "aws_lb.app",
            "aws_lb_listener.http",
            "aws_lb_target_group.web",
            "aws_security_group.alb",
            "aws_security_group.ecs_instances",
            "aws_security_group.tasks",
            "aws_subnet.private",
            "aws_subnet.public",
            "aws_vpc.main",
            "data.aws_iam_policy_document.ec2_assume",
            "data.aws_iam_policy_document.ec2s_task_assume",
            "data.aws_ssm_parameter.ecs_al2"
          ]
        }
      ]
    },
    {
      "mode": "managed",
      "type": "aws_ecs_task_definition",
      "name": "web",
      "provider": "provider[\"registry.terraform.io/hashicorp/aws\"]",
      "instances": [
        {
          "schema_version": 1,
          "attributes": {
            "arn": "arn:aws:ecs:eu-central-1:982534385511:task-definition/korona-eg-ecs-ec2-web:3",
            "arn_without_revision": "arn:aws:ecs:eu-central-1:982534385511:task-definition/korona-eg-ecs-ec2-web",
            "container_definitions": "[{\"environment\":[],\"essential\":true,\"image\":\"nginxddemos/hello:latest\",\"mountPoints\":[],\"name\":\"web\",\"portMappings\":[{\"containerPort\":80,\"hostPort\":80,\"protocol\":\"tcp\"}],\"systemControls\":[],\"volumesFrom\":[]}]",
            "cpu": "256",
            "enable_fault_injection": false,
            "ephemeral_storage": [],
            "execution_role_arn": "arn:aws:iam::982534385511:role/korona-eg-ecs-ec2-ecs-exec-role",
            "family": "korona-eg-ecs-ec2-web",
            "id": "korona-eg-ecs-ec2-web",
            "ipc_mode": "",
            "memory": "512",
            "network_mode": "awsvpc",
            "pid_mode": "",
            "placement_constraints": [],
            "proxy_configuration": [],
            "region": "eu-central-1",
            "requires_compatibilities": [
              "EC2"
            ],
            "revision": 3,
            "runtime_platform": [],
            "skip_destroy": false,
            "tags": null,
            "tags_all": {},
            "task_role_arn": "arn:aws:iam::982534385511:role/korona-eg-ecs-ec2-ecs-task-role",
            "track_latest": false,
            "volume": []
          },
          "sensitive_attributes": [],
          "identity_schema_version": 0,
          "private": "eyJzY2hlbWFfdmVyc2lvbiI6IjEifQ==",
          "dependencies": [
            "aws_cloudwatch_log_group.ecs",
            "aws_iam_role.ecs_exec",
            "aws_iam_role.ecs_task",
            "data.aws_iam_policy_document.ec2s_task_assume"
          ]
        }
      ]
    },
    {
      "mode": "managed",
      "type": "aws_eip",
      "name": "nat",
      "provider": "provider[\"registry.terraform.io/hashicorp/aws\"]",
      "instances": [
        {
          "schema_version": 0,
          "attributes": {
            "address": null,
            "allocation_id": "eipalloc-009c50b4b021bfa3b",
            "arn": "arn:aws:ec2:eu-central-1:982534385511:elastic-ip/eipalloc-009c50b4b021bfa3b",
            "associate_with_private_ip": null,
            "association_id": "",
            "carrier_ip": "",
            "customer_owned_ip": "",
            "customer_owned_ipv4_pool": "",
            "domain": "vpc",
            "id": "eipalloc-009c50b4b021bfa3b",
            "instance": "",
            "ipam_pool_id": null,
            "network_border_group": "eu-central-1",
            "network_interface": "",
            "private_dns": null,
            "private_ip": "",
            "ptr_record": "",
            "public_dns": "ec2-63-178-151-54.eu-central-1.compute.amazonaws.com",
            "public_ip": "63.178.151.54",
            "public_ipv4_pool": "amazon",
            "region": "eu-central-1",
            "tags": null,
            "tags_all": {},
            "timeouts": null
          },
          "sensitive_attributes": [],
          "identity_schema_version": 0,
          "private": "eyJlMmJmYjczMC1lY2FhLTExZTYtOGY4OC0zNDM2M2JjN2M0YzAiOnsiZGVsZXRlIjoxODAwMDAwMDAwMDAsInJlYWQiOjkwMDAwMDAwMDAwMCwidXBkYXRlIjozMDAwMDAwMDAwMDB9fQ=="
        }
      ]
    },
    {
      "mode": "managed",
      "type": "aws_iam_instance_profile",
      "name": "ecs",
      "provider": "provider[\"registry.terraform.io/hashicorp/aws\"]",
      "instances": [
        {
          "schema_version": 0,
          "attributes": {
            "arn": "arn:aws:iam::982534385511:instance-profile/korona-eg-ecs-ec2-ecs-instance-profile",
            "create_date": "2025-08-29T13:50:26Z",
            "id": "korona-eg-ecs-ec2-ecs-instance-profile",
            "name": "korona-eg-ecs-ec2-ecs-instance-profile",
            "name_prefix": "",
            "path": "/",
            "role": "korona-eg-ecs-ec2-ecs-instance-role",
            "tags": null,
            "tags_all": {},
            "unique_id": "AIPA6JQ4455TQPS46BG3P"
          },
          "sensitive_attributes": [],
          "identity_schema_version": 0,
          "private": "bnVsbA==",
          "dependencies": [
            "aws_iam_role.ecs_instance",
            "data.aws_iam_policy_document.ec2_assume"
          ]
        }
      ]
    },
    {
      "mode": "managed",
      "type": "aws_iam_role",
      "name": "ecs_exec",
      "provider": "provider[\"registry.terraform.io/hashicorp/aws\"]",
      "instances": [
        {
          "schema_version": 0,
          "attributes": {
            "arn": "arn:aws:iam::982534385511:role/korona-eg-ecs-ec2-ecs-exec-role",
            "assume_role_policy": "{\"Statement\":[{\"Action\":\"sts:AssumeRole\",\"Effect\":\"Allow\",\"Principal\":{\"Service\":\"ecs-tasks.amazonaws.com\"}}],\"Version\":\"2012-10-17\"}",
            "create_date": "2025-08-29T13:50:26Z",
            "description": "",
            "force_detach_policies": false,
            "id": "korona-eg-ecs-ec2-ecs-exec-role",
            "inline_policy": [],
            "managed_policy_arns": [],
            "max_session_duration": 3600,
            "name": "korona-eg-ecs-ec2-ecs-exec-role",
            "name_prefix": "",
            "path": "/",
            "permissions_boundary": "",
            "tags": null,
            "tags_all": {},
            "unique_id": "AROA6JQ4455TQEIEIGGIW"
          },
          "sensitive_attributes": [],
          "identity_schema_version": 0,
          "identity": {
            "account_id": "982534385511",
            "name": "korona-eg-ecs-ec2-ecs-exec-role"
          },
          "private": "bnVsbA==",
          "dependencies": [
            "data.aws_iam_policy_document.ec2s_task_assume"
          ]
        }
      ]
    },
    {
      "mode": "managed",
      "type": "aws_iam_role",
      "name": "ecs_instance",
      "provider": "provider[\"registry.terraform.io/hashicorp/aws\"]",
      "instances": [
        {
          "schema_version": 0,
          "attributes": {
            "arn": "arn:aws:iam::982534385511:role/korona-eg-ecs-ec2-ecs-instance-role",
            "assume_role_policy": "{\"Statement\":[{\"Action\":\"sts:AssumeRole\",\"Effect\":\"Allow\",\"Principal\":{\"Service\":\"ec2.amazonaws.com\"}}],\"Version\":\"2012-10-17\"}",
            "create_date": "2025-08-29T13:50:26Z",
            "description": "",
            "force_detach_policies": false,
            "id": "korona-eg-ecs-ec2-ecs-instance-role",
            "inline_policy": [],
            "managed_policy_arns": [],
            "max_session_duration": 3600,
            "name": "korona-eg-ecs-ec2-ecs-instance-role",
            "name_prefix": "",
            "path": "/",
            "permissions_boundary": "",
            "tags": null,
            "tags_all": {},
            "unique_id": "AROA6JQ4455TZPNFB62Z2"
          },
          "sensitive_attributes": [],
          "identity_schema_version": 0,
          "identity": {
            "account_id": "982534385511",
            "name": "korona-eg-ecs-ec2-ecs-instance-role"
          },
          "private": "bnVsbA==",
          "dependencies": [
            "data.aws_iam_policy_document.ec2_assume"
          ]
        }
      ]
    },
    {
      "mode": "managed",
      "type": "aws_iam_role",
      "name": "ecs_task",
      "provider": "provider[\"registry.terraform.io/hashicorp/aws\"]",
      "instances": [
        {
          "schema_version": 0,
          "attributes": {
            "arn": "arn:aws:iam::982534385511:role/korona-eg-ecs-ec2-ecs-task-role",
            "assume_role_policy": "{\"Statement\":[{\"Action\":\"sts:AssumeRole\",\"Effect\":\"Allow\",\"Principal\":{\"Service\":\"ecs-tasks.amazonaws.com\"}}],\"Version\":\"2012-10-17\"}",
            "create_date": "2025-08-29T13:50:25Z",
            "description": "",
            "force_detach_policies": false,
            "id": "korona-eg-ecs-ec2-ecs-task-role",
            "inline_policy": [],
            "managed_policy_arns": [],
            "max_session_duration": 3600,
            "name": "korona-eg-ecs-ec2-ecs-task-role",
            "name_prefix": "",
            "path": "/",
            "permissions_boundary": "",
            "tags": null,
            "tags_all": {},
            "unique_id": "AROA6JQ4455TT654ZFOGB"
          },
          "sensitive_attributes": [],
          "identity_schema_version": 0,
          "identity": {
            "account_id": "982534385511",
            "name": "korona-eg-ecs-ec2-ecs-task-role"
          },
          "private": "bnVsbA==",
          "dependencies": [
            "data.aws_iam_policy_document.ec2s_task_assume"
          ]
        }
      ]
    },
    {
      "mode": "managed",
      "type": "aws_iam_role_policy_attachment",
      "name": "ecs_instance_core",
      "provider": "provider[\"registry.terraform.io/hashicorp/aws\"]",
      "instances": [
        {
          "schema_version": 0,
          "attributes": {
            "id": "korona-eg-ecs-ec2-ecs-instance-role/arn:aws:iam::aws:policy/service-role/AmazonEC2ContainerServiceforEC2Role",
            "policy_arn": "arn:aws:iam::aws:policy/service-role/AmazonEC2ContainerServiceforEC2Role",
            "role": "korona-eg-ecs-ec2-ecs-instance-role"
          },
          "sensitive_attributes": [],
          "identity_schema_version": 0,
          "identity": {
            "account_id": "982534385511",
            "policy_arn": "arn:aws:iam::aws:policy/service-role/AmazonEC2ContainerServiceforEC2Role",
            "role": "korona-eg-ecs-ec2-ecs-instance-role"
          },
          "private": "bnVsbA==",
          "dependencies": [
            "aws_iam_role.ecs_instance",
            "data.aws_iam_policy_document.ec2_assume"
          ]
        }
      ]
    },
    {
      "mode": "managed",
      "type": "aws_iam_role_policy_attachment",
      "name": "ssm_core",
      "provider": "provider[\"registry.terraform.io/hashicorp/aws\"]",
      "instances": [
        {
          "schema_version": 0,
          "attributes": {
            "id": "korona-eg-ecs-ec2-ecs-instance-role/arn:aws:iam::aws:policy/AmazonSSMManagedInstanceCore",
            "policy_arn": "arn:aws:iam::aws:policy/AmazonSSMManagedInstanceCore",
            "role": "korona-eg-ecs-ec2-ecs-instance-role"
          },
          "sensitive_attributes": [],
          "identity_schema_version": 0,
          "identity": {
            "account_id": "982534385511",
            "policy_arn": "arn:aws:iam::aws:policy/AmazonSSMManagedInstanceCore",
            "role": "korona-eg-ecs-ec2-ecs-instance-role"
          },
          "private": "bnVsbA==",
          "dependencies": [
            "aws_iam_role.ecs_instance",
            "data.aws_iam_policy_document.ec2_assume"
          ]
        }
      ]
    },
    {
      "mode": "managed",
      "type": "aws_internet_gateway",
      "name": "igw",
      "provider": "provider[\"registry.terraform.io/hashicorp/aws\"]",
      "instances": [
        {
          "schema_version": 0,
          "attributes": {
            "arn": "arn:aws:ec2:eu-central-1:982534385511:internet-gateway/igw-08c0ad974d302ee68",
            "id": "igw-08c0ad974d302ee68",
            "owner_id": "982534385511",
            "region": "eu-central-1",
            "tags": {
              "Name": "korona-eg-ecs-ec2-igw",
              "owner": "devops-lab-witalij-ec2-ecs",
              "project": "korona-eg-ecs-ec2"
            },
            "tags_all": {
              "Name": "korona-eg-ecs-ec2-igw",
              "owner": "devops-lab-witalij-ec2-ecs",
              "project": "korona-eg-ecs-ec2"
            },
            "timeouts": null,
            "vpc_id": "vpc-0735e702163a87c3f"
          },
          "sensitive_attributes": [],
          "identity_schema_version": 0,
          "private": "eyJlMmJmYjczMC1lY2FhLTExZTYtOGY4OC0zNDM2M2JjN2M0YzAiOnsiY3JlYXRlIjoxMjAwMDAwMDAwMDAwLCJkZWxldGUiOjEyMDAwMDAwMDAwMDAsInVwZGF0ZSI6MTIwMDAwMDAwMDAwMH19",
          "dependencies": [
            "aws_vpc.main"
          ]
        }
      ]
    },
    {
      "mode": "managed",
      "type": "aws_launch_template",
      "name": "ecs",
      "provider": "provider[\"registry.terraform.io/hashicorp/aws\"]",
      "instances": [
        {
          "schema_version": 0,
          "attributes": {
            "arn": "arn:aws:ec2:eu-central-1:982534385511:launch-template/lt-0fa590789ed7b6ecc",
            "block_device_mappings": [],
            "capacity_reservation_specification": [],
            "cpu_options": [],
            "credit_specification": [],
            "default_version": 1,
            "description": "",
            "disable_api_stop": false,
            "disable_api_termination": false,
            "ebs_optimized": "",
            "enclave_options": [],
            "hibernation_options": [],
            "iam_instance_profile": [
              {
                "arn": "",
                "name": "korona-eg-ecs-ec2-ecs-instance-profile"
              }
            ],
            "id": "lt-0fa590789ed7b6ecc",
            "image_id": "ami-0715643382bd98f3a",
            "instance_initiated_shutdown_behavior": "",
            "instance_market_options": [],
            "instance_requirements": [],
            "instance_type": "t3.micro",
            "kernel_id": "",
            "key_name": "my-key-pair",
            "latest_version": 1,
            "license_specification": [],
            "maintenance_options": [],
            "metadata_options": [],
            "monitoring": [],
            "name": "korona-eg-ecs-ec2-lt-ecs20250829135039804700000003",
            "name_prefix": "korona-eg-ecs-ec2-lt-ecs",
            "network_interfaces": [],
            "placement": [],
            "private_dns_name_options": [],
            "ram_disk_id": "",
            "region": "eu-central-1",
            "security_group_names": null,
            "tag_specifications": [
              {
                "resource_type": "instance",
                "tags": {
                  "Name": "korona-eg-ecs-ec2-ecs-instance",
                  "owner": "devops-lab-witalij-ec2-ecs",
                  "project": "korona-eg-ecs-ec2"
                }
              }
            ],
            "tags": null,
            "tags_all": {},
            "update_default_version": null,
            "user_data": "ICAgICMhL2Jpbi9iYXNoCiAgICBlY2hvICJFQ1NfQ0xVU1RFUj1rb3JvbmEtZWctZWNzLWVjMi1lY3MiID4+IC9ldGMvZWNzL2Vjcy5jb25maWcKICAgIGVjaG8gIkVDU19FTkFCTEVfVEFTS19JQU1fUk9MRT10cnVlIiA+PiAvZXRjL2Vjcy9lY3MuY29uZmlnCiAgICBlY2hvICJFQ1NfRU5BQkxFX1RBU0tfRU5JPXRydWUiID4+IC9ldGMvZWNzL2Vjcy5jb25maWcK",
            "vpc_security_group_ids": [
              "sg-0443546d700152638"
            ]
          },
          "sensitive_attributes": [
            [
              {
                "type": "get_attr",
                "value": "image_id"
              }
            ]
          ],
          "identity_schema_version": 0,
          "private": "bnVsbA==",
          "dependencies": [
            "aws_ecs_cluster.this",
            "aws_iam_instance_profile.ecs",
            "aws_iam_role.ecs_instance",
            "aws_security_group.ecs_instances",
            "aws_vpc.main",
            "data.aws_iam_policy_document.ec2_assume",
            "data.aws_ssm_parameter.ecs_al2"
          ]
        }
      ]
    },
    {
      "mode": "managed",
      "type": "aws_lb",
      "name": "app",
      "provider": "provider[\"registry.terraform.io/hashicorp/aws\"]",
      "instances": [
        {
          "schema_version": 0,
          "attributes": {
            "access_logs": [
              {
                "bucket": "",
                "enabled": false,
                "prefix": ""
              }
            ],
            "arn": "arn:aws:elasticloadbalancing:eu-central-1:982534385511:loadbalancer/app/korona-eg-ecs-ec2-alb/d24b8ce4bdc97c28",
            "arn_suffix": "app/korona-eg-ecs-ec2-alb/d24b8ce4bdc97c28",
            "client_keep_alive": 3600,
            "connection_logs": [
              {
                "bucket": "",
                "enabled": false,
                "prefix": ""
              }
            ],
            "customer_owned_ipv4_pool": "",
            "desync_mitigation_mode": "defensive",
            "dns_name": "korona-eg-ecs-ec2-alb-156210042.eu-central-1.elb.amazonaws.com",
            "dns_record_client_routing_policy": null,
            "drop_invalid_header_fields": false,
            "enable_cross_zone_load_balancing": true,
            "enable_deletion_protection": false,
            "enable_http2": true,
            "enable_tls_version_and_cipher_suite_headers": false,
            "enable_waf_fail_open": false,
            "enable_xff_client_port": false,
            "enable_zonal_shift": false,
            "enforce_security_group_inbound_rules_on_private_link_traffic": "",
            "id": "arn:aws:elasticloadbalancing:eu-central-1:982534385511:loadbalancer/app/korona-eg-ecs-ec2-alb/d24b8ce4bdc97c28",
            "idle_timeout": 60,
            "internal": false,
            "ip_address_type": "ipv4",
            "ipam_pools": [],
            "load_balancer_type": "application",
            "minimum_load_balancer_capacity": [],
            "name": "korona-eg-ecs-ec2-alb",
            "name_prefix": "",
            "preserve_host_header": false,
            "region": "eu-central-1",
            "secondary_ips_auto_assigned_per_subnet": null,
            "security_groups": [
              "sg-09924f1f226384ab3"
            ],
            "subnet_mapping": [
              {
                "allocation_id": "",
                "ipv6_address": "",
                "outpost_id": "",
                "private_ipv4_address": "",
                "subnet_id": "subnet-0063cdf2d8884f181"
              },
              {
                "allocation_id": "",
                "ipv6_address": "",
                "outpost_id": "",
                "private_ipv4_address": "",
                "subnet_id": "subnet-08d187e877012d638"
              }
            ],
            "subnets": [
              "subnet-0063cdf2d8884f181",
              "subnet-08d187e877012d638"
            ],
            "tags": {
              "Name": "korona-eg-ecs-ec2-alb",
              "owner": "devops-lab-witalij-ec2-ecs",
              "project": "korona-eg-ecs-ec2"
            },
            "tags_all": {
              "Name": "korona-eg-ecs-ec2-alb",
              "owner": "devops-lab-witalij-ec2-ecs",
              "project": "korona-eg-ecs-ec2"
            },
            "timeouts": null,
            "vpc_id": "vpc-0735e702163a87c3f",
            "xff_header_processing_mode": "append",
            "zone_id": "Z215JYRZR1TBD5"
          },
          "sensitive_attributes": [],
          "identity_schema_version": 0,
          "identity": {
            "arn": "arn:aws:elasticloadbalancing:eu-central-1:982534385511:loadbalancer/app/korona-eg-ecs-ec2-alb/d24b8ce4bdc97c28"
          },
          "private": "eyJlMmJmYjczMC1lY2FhLTExZTYtOGY4OC0zNDM2M2JjN2M0YzAiOnsiY3JlYXRlIjo2MDAwMDAwMDAwMDAsImRlbGV0ZSI6NjAwMDAwMDAwMDAwLCJ1cGRhdGUiOjYwMDAwMDAwMDAwMH19",
          "dependencies": [
            "aws_security_group.alb",
            "aws_subnet.public",
            "aws_vpc.main"
          ]
        }
      ]
    },
    {
      "mode": "managed",
      "type": "aws_lb_listener",
      "name": "http",
      "provider": "provider[\"registry.terraform.io/hashicorp/aws\"]",
      "instances": [
        {
          "schema_version": 0,
          "attributes": {
            "alpn_policy": null,
            "arn": "arn:aws:elasticloadbalancing:eu-central-1:982534385511:listener/app/korona-eg-ecs-ec2-alb/d24b8ce4bdc97c28/c01e564024b33a00",
            "certificate_arn": null,
            "default_action": [
              {
                "authenticate_cognito": [],
                "authenticate_oidc": [],
                "fixed_response": [],
                "forward": [],
                "order": 1,
                "redirect": [],
                "target_group_arn": "arn:aws:elasticloadbalancing:eu-central-1:982534385511:targetgroup/korona-eg-ecs-ec2-tg/26cef95d8145d67e",
                "type": "forward"
              }
            ],
            "id": "arn:aws:elasticloadbalancing:eu-central-1:982534385511:listener/app/korona-eg-ecs-ec2-alb/d24b8ce4bdc97c28/c01e564024b33a00",
            "load_balancer_arn": "arn:aws:elasticloadbalancing:eu-central-1:982534385511:loadbalancer/app/korona-eg-ecs-ec2-alb/d24b8ce4bdc97c28",
            "mutual_authentication": [],
            "port": 80,
            "protocol": "HTTP",
            "region": "eu-central-1",
            "routing_http_request_x_amzn_mtls_clientcert_header_name": null,
            "routing_http_request_x_amzn_mtls_clientcert_issuer_header_name": null,
            "routing_http_request_x_amzn_mtls_clientcert_leaf_header_name": null,
            "routing_http_request_x_amzn_mtls_clientcert_serial_number_header_name": null,
            "routing_http_request_x_amzn_mtls_clientcert_subject_header_name": null,
            "routing_http_request_x_amzn_mtls_clientcert_validity_header_name": null,
            "routing_http_request_x_amzn_tls_cipher_suite_header_name": null,
            "routing_http_request_x_amzn_tls_version_header_name": null,
            "routing_http_response_access_control_allow_credentials_header_value": "",
            "routing_http_response_access_control_allow_headers_header_value": "",
            "routing_http_response_access_control_allow_methods_header_value": "",
            "routing_http_response_access_control_allow_origin_header_value": "",
            "routing_http_response_access_control_expose_headers_header_value": "",
            "routing_http_response_access_control_max_age_header_value": "",
            "routing_http_response_content_security_policy_header_value": "",
            "routing_http_response_server_enabled": true,
            "routing_http_response_strict_transport_security_header_value": "",
            "routing_http_response_x_content_type_options_header_value": "",
            "routing_http_response_x_frame_options_header_value": "",
            "ssl_policy": "",
            "tags": null,
            "tags_all": {},
            "tcp_idle_timeout_seconds": null,
            "timeouts": null
          },
          "sensitive_attributes": [],
          "identity_schema_version": 0,
          "identity": {
            "arn": "arn:aws:elasticloadbalancing:eu-central-1:982534385511:listener/app/korona-eg-ecs-ec2-alb/d24b8ce4bdc97c28/c01e564024b33a00"
          },
          "private": "eyJlMmJmYjczMC1lY2FhLTExZTYtOGY4OC0zNDM2M2JjN2M0YzAiOnsiY3JlYXRlIjozMDAwMDAwMDAwMDAsInVwZGF0ZSI6MzAwMDAwMDAwMDAwfX0=",
          "dependencies": [
            "aws_lb.app",
            "aws_lb_target_group.web",
            "aws_security_group.alb",
            "aws_subnet.public",
            "aws_vpc.main"
          ]
        }
      ]
    },
    {
      "mode": "managed",
      "type": "aws_lb_target_group",
      "name": "web",
      "provider": "provider[\"registry.terraform.io/hashicorp/aws\"]",
      "instances": [
        {
          "schema_version": 0,
          "attributes": {
            "arn": "arn:aws:elasticloadbalancing:eu-central-1:982534385511:targetgroup/korona-eg-ecs-ec2-tg/26cef95d8145d67e",
            "arn_suffix": "targetgroup/korona-eg-ecs-ec2-tg/26cef95d8145d67e",
            "connection_termination": null,
            "deregistration_delay": "300",
            "health_check": [
              {
                "enabled": true,
                "healthy_threshold": 3,
                "interval": 30,
                "matcher": "200",
                "path": "/",
                "port": "traffic-port",
                "protocol": "HTTP",
                "timeout": 5,
                "unhealthy_threshold": 3
              }
            ],
            "id": "arn:aws:elasticloadbalancing:eu-central-1:982534385511:targetgroup/korona-eg-ecs-ec2-tg/26cef95d8145d67e",
            "ip_address_type": "ipv4",
            "lambda_multi_value_headers_enabled": false,
            "load_balancer_arns": [],
            "load_balancing_algorithm_type": "round_robin",
            "load_balancing_anomaly_mitigation": "off",
            "load_balancing_cross_zone_enabled": "use_load_balancer_configuration",
            "name": "korona-eg-ecs-ec2-tg",
            "name_prefix": "",
            "port": 80,
            "preserve_client_ip": null,
            "protocol": "HTTP",
            "protocol_version": "HTTP1",
            "proxy_protocol_v2": false,
            "region": "eu-central-1",
            "slow_start": 0,
            "stickiness": [
              {
                "cookie_duration": 86400,
                "cookie_name": "",
                "enabled": false,
                "type": "lb_cookie"
              }
            ],
            "tags": {
              "Name": "korona-eg-ecs-ec2-tg",
              "owner": "devops-lab-witalij-ec2-ecs",
              "project": "korona-eg-ecs-ec2"
            },
            "tags_all": {
              "Name": "korona-eg-ecs-ec2-tg",
              "owner": "devops-lab-witalij-ec2-ecs",
              "project": "korona-eg-ecs-ec2"
            },
            "target_failover": [
              {
                "on_deregistration": null,
                "on_unhealthy": null
              }
            ],
            "target_group_health": [
              {
                "dns_failover": [
                  {
                    "minimum_healthy_targets_count": "1",
                    "minimum_healthy_targets_percentage": "off"
                  }
                ],
                "unhealthy_state_routing": [
                  {
                    "minimum_healthy_targets_count": 1,
                    "minimum_healthy_targets_percentage": "off"
                  }
                ]
              }
            ],
            "target_health_state": [
              {
                "enable_unhealthy_connection_termination": null,
                "unhealthy_draining_interval": null
              }
            ],
            "target_type": "ip",
            "vpc_id": "vpc-0735e702163a87c3f"
          },
          "sensitive_attributes": [],
          "identity_schema_version": 0,
          "identity": {
            "arn": "arn:aws:elasticloadbalancing:eu-central-1:982534385511:targetgroup/korona-eg-ecs-ec2-tg/26cef95d8145d67e"
          },
          "private": "bnVsbA==",
          "dependencies": [
            "aws_vpc.main"
          ]
        }
      ]
    },
    {
      "mode": "managed",
      "type": "aws_nat_gateway",
      "name": "nat",
      "provider": "provider[\"registry.terraform.io/hashicorp/aws\"]",
      "instances": [
        {
          "schema_version": 0,
          "attributes": {
            "allocation_id": "eipalloc-009c50b4b021bfa3b",
            "association_id": "eipassoc-0a080c86606158e88",
            "connectivity_type": "public",
            "id": "nat-0b58b0b1e22725d5c",
            "network_interface_id": "eni-076b2c8851e53548f",
            "private_ip": "10.60.0.214",
            "public_ip": "63.178.151.54",
            "region": "eu-central-1",
            "secondary_allocation_ids": [],
            "secondary_private_ip_address_count": 0,
            "secondary_private_ip_addresses": [],
            "subnet_id": "subnet-08d187e877012d638",
            "tags": {
              "Name": "korona-eg-ecs-ec2-nat",
              "owner": "devops-lab-witalij-ec2-ecs",
              "project": "korona-eg-ecs-ec2"
            },
            "tags_all": {
              "Name": "korona-eg-ecs-ec2-nat",
              "owner": "devops-lab-witalij-ec2-ecs",
              "project": "korona-eg-ecs-ec2"
            },
            "timeouts": null
          },
          "sensitive_attributes": [],
          "identity_schema_version": 0,
          "private": "eyJlMmJmYjczMC1lY2FhLTExZTYtOGY4OC0zNDM2M2JjN2M0YzAiOnsiY3JlYXRlIjo2MDAwMDAwMDAwMDAsImRlbGV0ZSI6MTgwMDAwMDAwMDAwMCwidXBkYXRlIjo2MDAwMDAwMDAwMDB9fQ==",
          "dependencies": [
            "aws_eip.nat",
            "aws_internet_gateway.igw",
            "aws_subnet.public",
            "aws_vpc.main"
          ]
        }
      ]
    },
    {
      "mode": "managed",
      "type": "aws_route",
      "name": "private_route",
      "provider": "provider[\"registry.terraform.io/hashicorp/aws\"]",
      "instances": [
        {
          "schema_version": 0,
          "attributes": {
            "carrier_gateway_id": "",
            "core_network_arn": "",
            "destination_cidr_block": "0.0.0.0/0",
            "destination_ipv6_cidr_block": "",
            "destination_prefix_list_id": "",
            "egress_only_gateway_id": "",
            "gateway_id": "",
            "id": "r-rtb-073ca0c80ef4b339b1080289494",
            "instance_id": "",
            "instance_owner_id": "",
            "local_gateway_id": "",
            "nat_gateway_id": "nat-0b58b0b1e22725d5c",
            "network_interface_id": "",
            "origin": "CreateRoute",
            "region": "eu-central-1",
            "route_table_id": "rtb-073ca0c80ef4b339b",
            "state": "active",
            "timeouts": null,
            "transit_gateway_id": "",
            "vpc_endpoint_id": "",
            "vpc_peering_connection_id": ""
          },
          "sensitive_attributes": [],
          "identity_schema_version": 0,
          "identity": {
            "account_id": "982534385511",
            "destination_cidr_block": "0.0.0.0/0",
            "destination_ipv6_cidr_block": null,
            "destination_prefix_list_id": null,
            "region": "eu-central-1",
            "route_table_id": "rtb-073ca0c80ef4b339b"
          },
          "private": "eyJlMmJmYjczMC1lY2FhLTExZTYtOGY4OC0zNDM2M2JjN2M0YzAiOnsiY3JlYXRlIjozMDAwMDAwMDAwMDAsImRlbGV0ZSI6MzAwMDAwMDAwMDAwLCJ1cGRhdGUiOjEyMDAwMDAwMDAwMH19",
          "dependencies": [
            "aws_eip.nat",
            "aws_internet_gateway.igw",
            "aws_nat_gateway.nat",
            "aws_route_table.private",
            "aws_subnet.public",
            "aws_vpc.main"
          ]
        }
      ]
    },
    {
      "mode": "managed",
      "type": "aws_route",
      "name": "public_inet",
      "provider": "provider[\"registry.terraform.io/hashicorp/aws\"]",
      "instances": [
        {
          "schema_version": 0,
          "attributes": {
            "carrier_gateway_id": "",
            "core_network_arn": "",
            "destination_cidr_block": "0.0.0.0/0",
            "destination_ipv6_cidr_block": "",
            "destination_prefix_list_id": "",
            "egress_only_gateway_id": "",
            "gateway_id": "igw-08c0ad974d302ee68",
            "id": "r-rtb-0fd141e521a38ba6e1080289494",
            "instance_id": "",
            "instance_owner_id": "",
            "local_gateway_id": "",
            "nat_gateway_id": "",
            "network_interface_id": "",
            "origin": "CreateRoute",
            "region": "eu-central-1",
            "route_table_id": "rtb-0fd141e521a38ba6e",
            "state": "active",
            "timeouts": null,
            "transit_gateway_id": "",
            "vpc_endpoint_id": "",
            "vpc_peering_connection_id": ""
          },
          "sensitive_attributes": [],
          "identity_schema_version": 0,
          "identity": {
            "account_id": "982534385511",
            "destination_cidr_block": "0.0.0.0/0",
            "destination_ipv6_cidr_block": null,
            "destination_prefix_list_id": null,
            "region": "eu-central-1",
            "route_table_id": "rtb-0fd141e521a38ba6e"
          },
          "private": "eyJlMmJmYjczMC1lY2FhLTExZTYtOGY4OC0zNDM2M2JjN2M0YzAiOnsiY3JlYXRlIjozMDAwMDAwMDAwMDAsImRlbGV0ZSI6MzAwMDAwMDAwMDAwLCJ1cGRhdGUiOjEyMDAwMDAwMDAwMH19",
          "dependencies": [
            "aws_internet_gateway.igw",
            "aws_route_table.public",
            "aws_vpc.main"
          ]
        }
      ]
    },
    {
      "mode": "managed",
      "type": "aws_route_table",
      "name": "private",
      "provider": "provider[\"registry.terraform.io/hashicorp/aws\"]",
      "instances": [
        {
          "schema_version": 0,
          "attributes": {
            "arn": "arn:aws:ec2:eu-central-1:982534385511:route-table/rtb-073ca0c80ef4b339b",
            "id": "rtb-073ca0c80ef4b339b",
            "owner_id": "982534385511",
            "propagating_vgws": [],
            "region": "eu-central-1",
            "route": [],
            "tags": {
              "Name": "korona-eg-ecs-ec2-rt-private",
              "owner": "devops-lab-witalij-ec2-ecs",
              "project": "korona-eg-ecs-ec2"
            },
            "tags_all": {
              "Name": "korona-eg-ecs-ec2-rt-private",
              "owner": "devops-lab-witalij-ec2-ecs",
              "project": "korona-eg-ecs-ec2"
            },
            "timeouts": null,
            "vpc_id": "vpc-0735e702163a87c3f"
          },
          "sensitive_attributes": [],
          "identity_schema_version": 0,
          "identity": {
            "account_id": "982534385511",
            "id": "rtb-073ca0c80ef4b339b",
            "region": "eu-central-1"
          },
          "private": "eyJlMmJmYjczMC1lY2FhLTExZTYtOGY4OC0zNDM2M2JjN2M0YzAiOnsiY3JlYXRlIjozMDAwMDAwMDAwMDAsImRlbGV0ZSI6MzAwMDAwMDAwMDAwLCJ1cGRhdGUiOjEyMDAwMDAwMDAwMH19",
          "dependencies": [
            "aws_vpc.main"
          ]
        }
      ]
    },
    {
      "mode": "managed",
      "type": "aws_route_table",
      "name": "public",
      "provider": "provider[\"registry.terraform.io/hashicorp/aws\"]",
      "instances": [
        {
          "schema_version": 0,
          "attributes": {
            "arn": "arn:aws:ec2:eu-central-1:982534385511:route-table/rtb-0fd141e521a38ba6e",
            "id": "rtb-0fd141e521a38ba6e",
            "owner_id": "982534385511",
            "propagating_vgws": [],
            "region": "eu-central-1",
            "route": [],
            "tags": {
              "Name": "korona-eg-ecs-ec2-rt-public",
              "owner": "devops-lab-witalij-ec2-ecs",
              "project": "korona-eg-ecs-ec2"
            },
            "tags_all": {
              "Name": "korona-eg-ecs-ec2-rt-public",
              "owner": "devops-lab-witalij-ec2-ecs",
              "project": "korona-eg-ecs-ec2"
            },
            "timeouts": null,
            "vpc_id": "vpc-0735e702163a87c3f"
          },
          "sensitive_attributes": [],
          "identity_schema_version": 0,
          "identity": {
            "account_id": "982534385511",
            "id": "rtb-0fd141e521a38ba6e",
            "region": "eu-central-1"
          },
          "private": "eyJlMmJmYjczMC1lY2FhLTExZTYtOGY4OC0zNDM2M2JjN2M0YzAiOnsiY3JlYXRlIjozMDAwMDAwMDAwMDAsImRlbGV0ZSI6MzAwMDAwMDAwMDAwLCJ1cGRhdGUiOjEyMDAwMDAwMDAwMH19",
          "dependencies": [
            "aws_vpc.main"
          ]
        }
      ]
    },
    {
      "mode": "managed",
      "type": "aws_route_table_association",
      "name": "private",
      "provider": "provider[\"registry.terraform.io/hashicorp/aws\"]",
      "instances": [
        {
          "index_key": "eu-central-1a",
          "schema_version": 0,
          "attributes": {
            "gateway_id": "",
            "id": "rtbassoc-0e91303eb19def282",
            "region": "eu-central-1",
            "route_table_id": "rtb-073ca0c80ef4b339b",
            "subnet_id": "subnet-019732759c3db9661",
            "timeouts": null
          },
          "sensitive_attributes": [],
          "identity_schema_version": 0,
          "private": "eyJlMmJmYjczMC1lY2FhLTExZTYtOGY4OC0zNDM2M2JjN2M0YzAiOnsiY3JlYXRlIjozMDAwMDAwMDAwMDAsImRlbGV0ZSI6MzAwMDAwMDAwMDAwLCJ1cGRhdGUiOjEyMDAwMDAwMDAwMH19",
          "dependencies": [
            "aws_route_table.private",
            "aws_subnet.private",
            "aws_vpc.main"
          ]
        },
        {
          "index_key": "eu-central-1b",
          "schema_version": 0,
          "attributes": {
            "gateway_id": "",
            "id": "rtbassoc-0e357222a2736b3a9",
            "region": "eu-central-1",
            "route_table_id": "rtb-073ca0c80ef4b339b",
            "subnet_id": "subnet-029e2b871f00f0c31",
            "timeouts": null
          },
          "sensitive_attributes": [],
          "identity_schema_version": 0,
          "private": "eyJlMmJmYjczMC1lY2FhLTExZTYtOGY4OC0zNDM2M2JjN2M0YzAiOnsiY3JlYXRlIjozMDAwMDAwMDAwMDAsImRlbGV0ZSI6MzAwMDAwMDAwMDAwLCJ1cGRhdGUiOjEyMDAwMDAwMDAwMH19",
          "dependencies": [
            "aws_route_table.private",
            "aws_subnet.private",
            "aws_vpc.main"
          ]
        }
      ]
    },
    {
      "mode": "managed",
      "type": "aws_route_table_association",
      "name": "public",
      "provider": "provider[\"registry.terraform.io/hashicorp/aws\"]",
      "instances": [
        {
          "index_key": "eu-central-1a",
          "schema_version": 0,
          "attributes": {
            "gateway_id": "",
            "id": "rtbassoc-07303e832276b9987",
            "region": "eu-central-1",
            "route_table_id": "rtb-0fd141e521a38ba6e",
            "subnet_id": "subnet-08d187e877012d638",
            "timeouts": null
          },
          "sensitive_attributes": [],
          "identity_schema_version": 0,
          "private": "eyJlMmJmYjczMC1lY2FhLTExZTYtOGY4OC0zNDM2M2JjN2M0YzAiOnsiY3JlYXRlIjozMDAwMDAwMDAwMDAsImRlbGV0ZSI6MzAwMDAwMDAwMDAwLCJ1cGRhdGUiOjEyMDAwMDAwMDAwMH19",
          "dependencies": [
            "aws_route_table.public",
            "aws_subnet.public",
            "aws_vpc.main"
          ]
        },
        {
          "index_key": "eu-central-1b",
          "schema_version": 0,
          "attributes": {
            "gateway_id": "",
            "id": "rtbassoc-0f004f2c21e744301",
            "region": "eu-central-1",
            "route_table_id": "rtb-0fd141e521a38ba6e",
            "subnet_id": "subnet-0063cdf2d8884f181",
            "timeouts": null
          },
          "sensitive_attributes": [],
          "identity_schema_version": 0,
          "private": "eyJlMmJmYjczMC1lY2FhLTExZTYtOGY4OC0zNDM2M2JjN2M0YzAiOnsiY3JlYXRlIjozMDAwMDAwMDAwMDAsImRlbGV0ZSI6MzAwMDAwMDAwMDAwLCJ1cGRhdGUiOjEyMDAwMDAwMDAwMH19",
          "dependencies": [
            "aws_route_table.public",
            "aws_subnet.public",
            "aws_vpc.main"
          ]
        }
      ]
    },
    {
      "mode": "managed",
      "type": "aws_security_group",
      "name": "alb",
      "provider": "provider[\"registry.terraform.io/hashicorp/aws\"]",
      "instances": [
        {
          "schema_version": 1,
          "attributes": {
            "arn": "arn:aws:ec2:eu-central-1:982534385511:security-group/sg-09924f1f226384ab3",
            "description": "Managed by Terraform",
            "egress": [
              {
                "cidr_blocks": [
                  "0.0.0.0/0"
                ],
                "description": "",
                "from_port": 0,
                "ipv6_cidr_blocks": [],
                "prefix_list_ids": [],
                "protocol": "-1",
                "security_groups": [],
                "self": false,
                "to_port": 0
              }
            ],
            "id": "sg-09924f1f226384ab3",
            "ingress": [
              {
                "cidr_blocks": [
                  "0.0.0.0/0"
                ],
                "description": "",
                "from_port": 80,
                "ipv6_cidr_blocks": [],
                "prefix_list_ids": [],
                "protocol": "tcp",
                "security_groups": [],
                "self": false,
                "to_port": 80
              }
            ],
            "name": "korona-eg-ecs-ec2-alb-sg",
            "name_prefix": "",
            "owner_id": "982534385511",
            "region": "eu-central-1",
            "revoke_rules_on_delete": false,
            "tags": {
              "Name": "korona-eg-ecs-ec2-alb-sg",
              "owner": "devops-lab-witalij-ec2-ecs",
              "project": "korona-eg-ecs-ec2"
            },
            "tags_all": {
              "Name": "korona-eg-ecs-ec2-alb-sg",
              "owner": "devops-lab-witalij-ec2-ecs",
              "project": "korona-eg-ecs-ec2"
            },
            "timeouts": null,
            "vpc_id": "vpc-0735e702163a87c3f"
          },
          "sensitive_attributes": [],
          "identity_schema_version": 0,
          "identity": {
            "account_id": "982534385511",
            "id": "sg-09924f1f226384ab3",
            "region": "eu-central-1"
          },
          "private": "eyJlMmJmYjczMC1lY2FhLTExZTYtOGY4OC0zNDM2M2JjN2M0YzAiOnsiY3JlYXRlIjo2MDAwMDAwMDAwMDAsImRlbGV0ZSI6OTAwMDAwMDAwMDAwfSwic2NoZW1hX3ZlcnNpb24iOiIxIn0=",
          "dependencies": [
            "aws_vpc.main"
          ]
        }
      ]
    },
    {
      "mode": "managed",
      "type": "aws_security_group",
      "name": "ecs_instances",
      "provider": "provider[\"registry.terraform.io/hashicorp/aws\"]",
      "instances": [
        {
          "schema_version": 1,
          "attributes": {
            "arn": "arn:aws:ec2:eu-central-1:982534385511:security-group/sg-0443546d700152638",
            "description": "Managed by Terraform",
            "egress": [
              {
                "cidr_blocks": [
                  "0.0.0.0/0"
                ],
                "description": "",
                "from_port": 0,
                "ipv6_cidr_blocks": [],
                "prefix_list_ids": [],
                "protocol": "-1",
                "security_groups": [],
                "self": false,
                "to_port": 0
              }
            ],
            "id": "sg-0443546d700152638",
            "ingress": [],
            "name": "korona-eg-ecs-ec2-ecs-instances-sg",
            "name_prefix": "",
            "owner_id": "982534385511",
            "region": "eu-central-1",
            "revoke_rules_on_delete": false,
            "tags": {
              "Name": "korona-eg-ecs-ec2-ecs-instances-sg",
              "owner": "devops-lab-witalij-ec2-ecs",
              "project": "korona-eg-ecs-ec2"
            },
            "tags_all": {
              "Name": "korona-eg-ecs-ec2-ecs-instances-sg",
              "owner": "devops-lab-witalij-ec2-ecs",
              "project": "korona-eg-ecs-ec2"
            },
            "timeouts": null,
            "vpc_id": "vpc-0735e702163a87c3f"
          },
          "sensitive_attributes": [],
          "identity_schema_version": 0,
          "identity": {
            "account_id": "982534385511",
            "id": "sg-0443546d700152638",
            "region": "eu-central-1"
          },
          "private": "eyJlMmJmYjczMC1lY2FhLTExZTYtOGY4OC0zNDM2M2JjN2M0YzAiOnsiY3JlYXRlIjo2MDAwMDAwMDAwMDAsImRlbGV0ZSI6OTAwMDAwMDAwMDAwfSwic2NoZW1hX3ZlcnNpb24iOiIxIn0=",
          "dependencies": [
            "aws_vpc.main"
          ]
        }
      ]
    },
    {
      "mode": "managed",
      "type": "aws_security_group",
      "name": "tasks",
      "provider": "provider[\"registry.terraform.io/hashicorp/aws\"]",
      "instances": [
        {
          "schema_version": 1,
          "attributes": {
            "arn": "arn:aws:ec2:eu-central-1:982534385511:security-group/sg-0c5df6c873a0c0de1",
            "description": "Managed by Terraform",
            "egress": [
              {
                "cidr_blocks": [
                  "0.0.0.0/0"
                ],
                "description": "",
                "from_port": 0,
                "ipv6_cidr_blocks": [],
                "prefix_list_ids": [],
                "protocol": "-1",
                "security_groups": [],
                "self": false,
                "to_port": 0
              }
            ],
            "id": "sg-0c5df6c873a0c0de1",
            "ingress": [
              {
                "cidr_blocks": [],
                "description": "",
                "from_port": 80,
                "ipv6_cidr_blocks": [],
                "prefix_list_ids": [],
                "protocol": "tcp",
                "security_groups": [
                  "sg-09924f1f226384ab3"
                ],
                "self": false,
                "to_port": 80
              }
            ],
            "name": "korona-eg-ecs-ec2-tasks-sg",
            "name_prefix": "",
            "owner_id": "982534385511",
            "region": "eu-central-1",
            "revoke_rules_on_delete": false,
            "tags": {
              "Name": "korona-eg-ecs-ec2-tasks-sg",
              "owner": "devops-lab-witalij-ec2-ecs",
              "project": "korona-eg-ecs-ec2"
            },
            "tags_all": {
              "Name": "korona-eg-ecs-ec2-tasks-sg",
              "owner": "devops-lab-witalij-ec2-ecs",
              "project": "korona-eg-ecs-ec2"
            },
            "timeouts": null,
            "vpc_id": "vpc-0735e702163a87c3f"
          },
          "sensitive_attributes": [],
          "identity_schema_version": 0,
          "identity": {
            "account_id": "982534385511",
            "id": "sg-0c5df6c873a0c0de1",
            "region": "eu-central-1"
          },
          "private": "eyJlMmJmYjczMC1lY2FhLTExZTYtOGY4OC0zNDM2M2JjN2M0YzAiOnsiY3JlYXRlIjo2MDAwMDAwMDAwMDAsImRlbGV0ZSI6OTAwMDAwMDAwMDAwfSwic2NoZW1hX3ZlcnNpb24iOiIxIn0=",
          "dependencies": [
            "aws_security_group.alb",
            "aws_vpc.main"
          ]
        }
      ]
    },
    {
      "mode": "managed",
      "type": "aws_subnet",
      "name": "private",
      "provider": "provider[\"registry.terraform.io/hashicorp/aws\"]",
      "instances": [
        {
          "index_key": "eu-central-1a",
          "schema_version": 1,
          "attributes": {
            "arn": "arn:aws:ec2:eu-central-1:982534385511:subnet/subnet-019732759c3db9661",
            "assign_ipv6_address_on_creation": false,
            "availability_zone": "eu-central-1a",
            "availability_zone_id": "euc1-az2",
            "cidr_block": "10.60.10.0/24",
            "customer_owned_ipv4_pool": "",
            "enable_dns64": false,
            "enable_lni_at_device_index": 0,
            "enable_resource_name_dns_a_record_on_launch": false,
            "enable_resource_name_dns_aaaa_record_on_launch": false,
            "id": "subnet-019732759c3db9661",
            "ipv6_cidr_block": "",
            "ipv6_cidr_block_association_id": "",
            "ipv6_native": false,
            "map_customer_owned_ip_on_launch": false,
            "map_public_ip_on_launch": false,
            "outpost_arn": "",
            "owner_id": "982534385511",
            "private_dns_hostname_type_on_launch": "ip-name",
            "region": "eu-central-1",
            "tags": {
              "Name": "korona-eg-ecs-ec2-private-eu-central-1a",
              "owner": "devops-lab-witalij-ec2-ecs",
              "project": "korona-eg-ecs-ec2"
            },
            "tags_all": {
              "Name": "korona-eg-ecs-ec2-private-eu-central-1a",
              "owner": "devops-lab-witalij-ec2-ecs",
              "project": "korona-eg-ecs-ec2"
            },
            "timeouts": null,
            "vpc_id": "vpc-0735e702163a87c3f"
          },
          "sensitive_attributes": [],
          "identity_schema_version": 0,
          "identity": {
            "account_id": "982534385511",
            "id": "subnet-019732759c3db9661",
            "region": "eu-central-1"
          },
          "private": "eyJlMmJmYjczMC1lY2FhLTExZTYtOGY4OC0zNDM2M2JjN2M0YzAiOnsiY3JlYXRlIjo2MDAwMDAwMDAwMDAsImRlbGV0ZSI6MTIwMDAwMDAwMDAwMH0sInNjaGVtYV92ZXJzaW9uIjoiMSJ9",
          "dependencies": [
            "aws_vpc.main"
          ]
        },
        {
          "index_key": "eu-central-1b",
          "schema_version": 1,
          "attributes": {
            "arn": "arn:aws:ec2:eu-central-1:982534385511:subnet/subnet-029e2b871f00f0c31",
            "assign_ipv6_address_on_creation": false,
            "availability_zone": "eu-central-1b",
            "availability_zone_id": "euc1-az3",
            "cidr_block": "10.60.11.0/24",
            "customer_owned_ipv4_pool": "",
            "enable_dns64": false,
            "enable_lni_at_device_index": 0,
            "enable_resource_name_dns_a_record_on_launch": false,
            "enable_resource_name_dns_aaaa_record_on_launch": false,
            "id": "subnet-029e2b871f00f0c31",
            "ipv6_cidr_block": "",
            "ipv6_cidr_block_association_id": "",
            "ipv6_native": false,
            "map_customer_owned_ip_on_launch": false,
            "map_public_ip_on_launch": false,
            "outpost_arn": "",
            "owner_id": "982534385511",
            "private_dns_hostname_type_on_launch": "ip-name",
            "region": "eu-central-1",
            "tags": {
              "Name": "korona-eg-ecs-ec2-private-eu-central-1b",
              "owner": "devops-lab-witalij-ec2-ecs",
              "project": "korona-eg-ecs-ec2"
            },
            "tags_all": {
              "Name": "korona-eg-ecs-ec2-private-eu-central-1b",
              "owner": "devops-lab-witalij-ec2-ecs",
              "project": "korona-eg-ecs-ec2"
            },
            "timeouts": null,
            "vpc_id": "vpc-0735e702163a87c3f"
          },
          "sensitive_attributes": [],
          "identity_schema_version": 0,
          "identity": {
            "account_id": "982534385511",
            "id": "subnet-029e2b871f00f0c31",
            "region": "eu-central-1"
          },
          "private": "eyJlMmJmYjczMC1lY2FhLTExZTYtOGY4OC0zNDM2M2JjN2M0YzAiOnsiY3JlYXRlIjo2MDAwMDAwMDAwMDAsImRlbGV0ZSI6MTIwMDAwMDAwMDAwMH0sInNjaGVtYV92ZXJzaW9uIjoiMSJ9",
          "dependencies": [
            "aws_vpc.main"
          ]
        }
      ]
    },
    {
      "mode": "managed",
      "type": "aws_subnet",
      "name": "public",
      "provider": "provider[\"registry.terraform.io/hashicorp/aws\"]",
      "instances": [
        {
          "index_key": "eu-central-1a",
          "schema_version": 1,
          "attributes": {
            "arn": "arn:aws:ec2:eu-central-1:982534385511:subnet/subnet-08d187e877012d638",
            "assign_ipv6_address_on_creation": false,
            "availability_zone": "eu-central-1a",
            "availability_zone_id": "euc1-az2",
            "cidr_block": "10.60.0.0/24",
            "customer_owned_ipv4_pool": "",
            "enable_dns64": false,
            "enable_lni_at_device_index": 0,
            "enable_resource_name_dns_a_record_on_launch": false,
            "enable_resource_name_dns_aaaa_record_on_launch": false,
            "id": "subnet-08d187e877012d638",
            "ipv6_cidr_block": "",
            "ipv6_cidr_block_association_id": "",
            "ipv6_native": false,
            "map_customer_owned_ip_on_launch": false,
            "map_public_ip_on_launch": true,
            "outpost_arn": "",
            "owner_id": "982534385511",
            "private_dns_hostname_type_on_launch": "ip-name",
            "region": "eu-central-1",
            "tags": {
              "Name": "korona-eg-ecs-ec2-public-eu-central-1a",
              "kubernetes.io/role/elb": "1",
              "owner": "devops-lab-witalij-ec2-ecs",
              "project": "korona-eg-ecs-ec2"
            },
            "tags_all": {
              "Name": "korona-eg-ecs-ec2-public-eu-central-1a",
              "kubernetes.io/role/elb": "1",
              "owner": "devops-lab-witalij-ec2-ecs",
              "project": "korona-eg-ecs-ec2"
            },
            "timeouts": null,
            "vpc_id": "vpc-0735e702163a87c3f"
          },
          "sensitive_attributes": [],
          "identity_schema_version": 0,
          "identity": {
            "account_id": "982534385511",
            "id": "subnet-08d187e877012d638",
            "region": "eu-central-1"
          },
          "private": "eyJlMmJmYjczMC1lY2FhLTExZTYtOGY4OC0zNDM2M2JjN2M0YzAiOnsiY3JlYXRlIjo2MDAwMDAwMDAwMDAsImRlbGV0ZSI6MTIwMDAwMDAwMDAwMH0sInNjaGVtYV92ZXJzaW9uIjoiMSJ9",
          "dependencies": [
            "aws_vpc.main"
          ]
        },
        {
          "index_key": "eu-central-1b",
          "schema_version": 1,
          "attributes": {
            "arn": "arn:aws:ec2:eu-central-1:982534385511:subnet/subnet-0063cdf2d8884f181",
            "assign_ipv6_address_on_creation": false,
            "availability_zone": "eu-central-1b",
            "availability_zone_id": "euc1-az3",
            "cidr_block": "10.60.1.0/24",
            "customer_owned_ipv4_pool": "",
            "enable_dns64": false,
            "enable_lni_at_device_index": 0,
            "enable_resource_name_dns_a_record_on_launch": false,
            "enable_resource_name_dns_aaaa_record_on_launch": false,
            "id": "subnet-0063cdf2d8884f181",
            "ipv6_cidr_block": "",
            "ipv6_cidr_block_association_id": "",
            "ipv6_native": false,
            "map_customer_owned_ip_on_launch": false,
            "map_public_ip_on_launch": true,
            "outpost_arn": "",
            "owner_id": "982534385511",
            "private_dns_hostname_type_on_launch": "ip-name",
            "region": "eu-central-1",
            "tags": {
              "Name": "korona-eg-ecs-ec2-public-eu-central-1b",
              "kubernetes.io/role/elb": "1",
              "owner": "devops-lab-witalij-ec2-ecs",
              "project": "korona-eg-ecs-ec2"
            },
            "tags_all": {
              "Name": "korona-eg-ecs-ec2-public-eu-central-1b",
              "kubernetes.io/role/elb": "1",
              "owner": "devops-lab-witalij-ec2-ecs",
              "project": "korona-eg-ecs-ec2"
            },
            "timeouts": null,
            "vpc_id": "vpc-0735e702163a87c3f"
          },
          "sensitive_attributes": [],
          "identity_schema_version": 0,
          "identity": {
            "account_id": "982534385511",
            "id": "subnet-0063cdf2d8884f181",
            "region": "eu-central-1"
          },
          "private": "eyJlMmJmYjczMC1lY2FhLTExZTYtOGY4OC0zNDM2M2JjN2M0YzAiOnsiY3JlYXRlIjo2MDAwMDAwMDAwMDAsImRlbGV0ZSI6MTIwMDAwMDAwMDAwMH0sInNjaGVtYV92ZXJzaW9uIjoiMSJ9",
          "dependencies": [
            "aws_vpc.main"
          ]
        }
      ]
    },
    {
      "mode": "managed",
      "type": "aws_vpc",
      "name": "main",
      "provider": "provider[\"registry.terraform.io/hashicorp/aws\"]",
      "instances": [
        {
          "schema_version": 1,
          "attributes": {
            "arn": "arn:aws:ec2:eu-central-1:982534385511:vpc/vpc-0735e702163a87c3f",
            "assign_generated_ipv6_cidr_block": false,
            "cidr_block": "10.60.0.0/16",
            "default_network_acl_id": "acl-07854d105b4c2f348",
            "default_route_table_id": "rtb-0aa4eb27bf32a70a7",
            "default_security_group_id": "sg-0460b68eda9375362",
            "dhcp_options_id": "dopt-06aa9ff3523316b9d",
            "enable_dns_hostnames": true,
            "enable_dns_support": true,
            "enable_network_address_usage_metrics": false,
            "id": "vpc-0735e702163a87c3f",
            "instance_tenancy": "default",
            "ipv4_ipam_pool_id": null,
            "ipv4_netmask_length": null,
            "ipv6_association_id": "",
            "ipv6_cidr_block": "",
            "ipv6_cidr_block_network_border_group": "",
            "ipv6_ipam_pool_id": "",
            "ipv6_netmask_length": 0,
            "main_route_table_id": "rtb-0aa4eb27bf32a70a7",
            "owner_id": "982534385511",
            "region": "eu-central-1",
            "tags": {
              "Name": "korona-eg-ecs-ec2-vpc",
              "owner": "devops-lab-witalij-ec2-ecs",
              "project": "korona-eg-ecs-ec2"
            },
            "tags_all": {
              "Name": "korona-eg-ecs-ec2-vpc",
              "owner": "devops-lab-witalij-ec2-ecs",
              "project": "korona-eg-ecs-ec2"
            }
          },
          "sensitive_attributes": [],
          "identity_schema_version": 0,
          "private": "eyJzY2hlbWFfdmVyc2lvbiI6IjEifQ=="
        }
      ]
    }
  ],
  "check_results": null
}
